{
  "name": "demo",
  "lockfileVersion": 3,
  "requires": true,
  "packages": {
    "": {
      "dependencies": {
        "imagescript": "^1.3.0",
        "nbtify": "^1.90.1"
      }
    },
    "node_modules/imagescript": {
      "version": "1.3.1",
      "resolved": "https://registry.npmjs.org/imagescript/-/imagescript-1.3.1.tgz",
      "integrity": "sha512-ue/zxSyEzj7je8Nlt2vjY9GEa2BbScFSRZJq7OTVDZFp0r57fyuxrlsF8qWgxTP+kP8WklTw4by/ZEYVX5S13w==",
      "license": "(AGPL-3.0-or-later OR MIT)",
      "engines": {
        "node": ">=14.0.0"
      }
    },
    "node_modules/nbtify": {
      "version": "1.90.1",
      "resolved": "https://registry.npmjs.org/nbtify/-/nbtify-1.90.1.tgz",
      "integrity": "sha512-EN5LK7QUi5TFy4FCM4hRnLsW0LgpJfOI3h4NV8W9jsK3gIOL13FVTUUi+EmiN31l4ED5atKNJubhKUOb3O8dYg==",
      "license": "MIT",
      "bin": {
        "nbtify": "dist/bin/index.js"
      }
    }
  }
}
